// !$*UTF8*$!
{
	archiveVersion = 1;
	classes = {
	};
	objectVersion = 46;
	objects = {

/* Begin PBXBuildFile section */
		9FE762151E344FF3005BA63F /* Main.storyboard in Resources */ = {isa = PBXBuildFile; fileRef = 9FE762131E344FF3005BA63F /* Main.storyboard */; };
		9FE762171E344FF3005BA63F /* Assets.xcassets in Resources */ = {isa = PBXBuildFile; fileRef = 9FE762161E344FF3005BA63F /* Assets.xcassets */; };
		9FE7621A1E344FF3005BA63F /* LaunchScreen.storyboard in Resources */ = {isa = PBXBuildFile; fileRef = 9FE762181E344FF3005BA63F /* LaunchScreen.storyboard */; };
		9FE7622A1E34534A005BA63F /* AppDelegate.swift in Sources */ = {isa = PBXBuildFile; fileRef = 9FE762251E34534A005BA63F /* AppDelegate.swift */; };
		9FE7622B1E34534A005BA63F /* ViewController.swift in Sources */ = {isa = PBXBuildFile; fileRef = 9FE762261E34534A005BA63F /* ViewController.swift */; };
		9FE7622E1E3455DB005BA63F /* FlipPresentAnimationController.swift in Sources */ = {isa = PBXBuildFile; fileRef = 9FE7622D1E3455DB005BA63F /* FlipPresentAnimationController.swift */; };
		9FE762301E3455EA005BA63F /* FlipDismissAnimationController.swift in Sources */ = {isa = PBXBuildFile; fileRef = 9FE7622F1E3455EA005BA63F /* FlipDismissAnimationController.swift */; };
		9FE762321E3455F8005BA63F /* AnimationHelper.swift in Sources */ = {isa = PBXBuildFile; fileRef = 9FE762311E3455F8005BA63F /* AnimationHelper.swift */; };
		9FE762341E345615005BA63F /* SwipeInteractionController.swift in Sources */ = {isa = PBXBuildFile; fileRef = 9FE762331E345615005BA63F /* SwipeInteractionController.swift */; };
		9FE762371E345637005BA63F /* CardViewController.swift in Sources */ = {isa = PBXBuildFile; fileRef = 9FE762351E345637005BA63F /* CardViewController.swift */; };
		9FE762381E345637005BA63F /* CardViewController.xib in Resources */ = {isa = PBXBuildFile; fileRef = 9FE762361E345637005BA63F /* CardViewController.xib */; };
		9FE7623B1E34564D005BA63F /* RevealViewController.swift in Sources */ = {isa = PBXBuildFile; fileRef = 9FE762391E34564D005BA63F /* RevealViewController.swift */; };
		9FE7623C1E34564D005BA63F /* RevealViewController.xib in Resources */ = {isa = PBXBuildFile; fileRef = 9FE7623A1E34564D005BA63F /* RevealViewController.xib */; };
		9FE7623E1E345662005BA63F /* PageViewController.swift in Sources */ = {isa = PBXBuildFile; fileRef = 9FE7623D1E345662005BA63F /* PageViewController.swift */; };
		9FE762401E345688005BA63F /* YachtCard.swift in Sources */ = {isa = PBXBuildFile; fileRef = 9FE7623F1E345688005BA63F /* YachtCard.swift */; };
		9FE762421E34569C005BA63F /* YachtCardStore.swift in Sources */ = {isa = PBXBuildFile; fileRef = 9FE762411E34569C005BA63F /* YachtCardStore.swift */; };
		9FE762441E3456B9005BA63F /* Yacht.plist in Resources */ = {isa = PBXBuildFile; fileRef = 9FE762431E3456B9005BA63F /* Yacht.plist */; };
		9FE762461E349F0B005BA63F /* custom_swift.gif in Resources */ = {isa = PBXBuildFile; fileRef = 9FE762451E349F0B005BA63F /* custom_swift.gif */; };
/* End PBXBuildFile section */

/* Begin PBXFileReference section */
		9FE7620C1E344FF3005BA63F /* XMCustomUIViewControllerTransitions.app */ = {isa = PBXFileReference; explicitFileType = wrapper.application; includeInIndex = 0; path = XMCustomUIViewControllerTransitions.app; sourceTree = BUILT_PRODUCTS_DIR; };
		9FE762141E344FF3005BA63F /* Base */ = {isa = PBXFileReference; lastKnownFileType = file.storyboard; name = Base; path = Base.lproj/Main.storyboard; sourceTree = "<group>"; };
		9FE762161E344FF3005BA63F /* Assets.xcassets */ = {isa = PBXFileReference; lastKnownFileType = folder.assetcatalog; name = Assets.xcassets; path = XMCustomUIViewControllerTransitions/Assets.xcassets; sourceTree = "<group>"; };
		9FE762191E344FF3005BA63F /* Base */ = {isa = PBXFileReference; lastKnownFileType = file.storyboard; name = Base; path = Base.lproj/LaunchScreen.storyboard; sourceTree = "<group>"; };
		9FE7621B1E344FF3005BA63F /* Info.plist */ = {isa = PBXFileReference; lastKnownFileType = text.plist.xml; name = Info.plist; path = XMCustomUIViewControllerTransitions/Info.plist; sourceTree = "<group>"; };
		9FE762251E34534A005BA63F /* AppDelegate.swift */ = {isa = PBXFileReference; fileEncoding = 4; lastKnownFileType = sourcecode.swift; path = AppDelegate.swift; sourceTree = "<group>"; };
		9FE762261E34534A005BA63F /* ViewController.swift */ = {isa = PBXFileReference; fileEncoding = 4; lastKnownFileType = sourcecode.swift; path = ViewController.swift; sourceTree = "<group>"; };
		9FE7622D1E3455DB005BA63F /* FlipPresentAnimationController.swift */ = {isa = PBXFileReference; fileEncoding = 4; lastKnownFileType = sourcecode.swift; path = FlipPresentAnimationController.swift; sourceTree = "<group>"; };
		9FE7622F1E3455EA005BA63F /* FlipDismissAnimationController.swift */ = {isa = PBXFileReference; fileEncoding = 4; lastKnownFileType = sourcecode.swift; path = FlipDismissAnimationController.swift; sourceTree = "<group>"; };
		9FE762311E3455F8005BA63F /* AnimationHelper.swift */ = {isa = PBXFileReference; fileEncoding = 4; lastKnownFileType = sourcecode.swift; path = AnimationHelper.swift; sourceTree = "<group>"; };
		9FE762331E345615005BA63F /* SwipeInteractionController.swift */ = {isa = PBXFileReference; fileEncoding = 4; lastKnownFileType = sourcecode.swift; path = SwipeInteractionController.swift; sourceTree = "<group>"; };
		9FE762351E345637005BA63F /* CardViewController.swift */ = {isa = PBXFileReference; fileEncoding = 4; lastKnownFileType = sourcecode.swift; path = CardViewController.swift; sourceTree = "<group>"; };
		9FE762361E345637005BA63F /* CardViewController.xib */ = {isa = PBXFileReference; fileEncoding = 4; lastKnownFileType = file.xib; path = CardViewController.xib; sourceTree = "<group>"; };
		9FE762391E34564D005BA63F /* RevealViewController.swift */ = {isa = PBXFileReference; fileEncoding = 4; lastKnownFileType = sourcecode.swift; path = RevealViewController.swift; sourceTree = "<group>"; };
		9FE7623A1E34564D005BA63F /* RevealViewController.xib */ = {isa = PBXFileReference; fileEncoding = 4; lastKnownFileType = file.xib; path = RevealViewController.xib; sourceTree = "<group>"; };
		9FE7623D1E345662005BA63F /* PageViewController.swift */ = {isa = PBXFileReference; fileEncoding = 4; lastKnownFileType = sourcecode.swift; path = PageViewController.swift; sourceTree = "<group>"; };
		9FE7623F1E345688005BA63F /* YachtCard.swift */ = {isa = PBXFileReference; fileEncoding = 4; lastKnownFileType = sourcecode.swift; path = YachtCard.swift; sourceTree = "<group>"; };
		9FE762411E34569C005BA63F /* YachtCardStore.swift */ = {isa = PBXFileReference; fileEncoding = 4; lastKnownFileType = sourcecode.swift; path = YachtCardStore.swift; sourceTree = "<group>"; };
		9FE762431E3456B9005BA63F /* Yacht.plist */ = {isa = PBXFileReference; fileEncoding = 4; lastKnownFileType = text.plist.xml; path = Yacht.plist; sourceTree = "<group>"; };
		9FE762451E349F0B005BA63F /* custom_swift.gif */ = {isa = PBXFileReference; lastKnownFileType = image.gif; path = custom_swift.gif; sourceTree = "<group>"; };
/* End PBXFileReference section */

/* Begin PBXFrameworksBuildPhase section */
		9FE762091E344FF3005BA63F /* Frameworks */ = {
			isa = PBXFrameworksBuildPhase;
			buildActionMask = 2147483647;
			files = (
			);
			runOnlyForDeploymentPostprocessing = 0;
		};
/* End PBXFrameworksBuildPhase section */

/* Begin PBXGroup section */
		9FE762031E344FF3005BA63F = {
			isa = PBXGroup;
			children = (
				9FE7620E1E344FF3005BA63F /* XMCustomUIViewControllerTransitions */,
				9FE7620D1E344FF3005BA63F /* Products */,
			);
			sourceTree = "<group>";
		};
		9FE7620D1E344FF3005BA63F /* Products */ = {
			isa = PBXGroup;
			children = (
				9FE7620C1E344FF3005BA63F /* XMCustomUIViewControllerTransitions.app */,
			);
			name = Products;
			sourceTree = "<group>";
		};
		9FE7620E1E344FF3005BA63F /* XMCustomUIViewControllerTransitions */ = {
			isa = PBXGroup;
			children = (
				9FE762211E34534A005BA63F /* Classes */,
				9FE7622C1E345362005BA63F /* SupportingFile */,
			);
			path = XMCustomUIViewControllerTransitions;
			sourceTree = "<group>";
		};
		9FE762211E34534A005BA63F /* Classes */ = {
			isa = PBXGroup;
			children = (
				9FE762271E34534A005BA63F /* PageViewController */,
				9FE762231E34534A005BA63F /* CardViewController */,
				9FE762281E34534A005BA63F /* RevealViewController */,
				9FE762221E34534A005BA63F /* AnimateTranstion */,
				9FE762291E34534A005BA63F /* YachtCard */,
				9FE762241E34534A005BA63F /* Others */,
			);
			path = Classes;
			sourceTree = "<group>";
		};
		9FE762221E34534A005BA63F /* AnimateTranstion */ = {
			isa = PBXGroup;
			children = (
				9FE7622D1E3455DB005BA63F /* FlipPresentAnimationController.swift */,
				9FE7622F1E3455EA005BA63F /* FlipDismissAnimationController.swift */,
				9FE762311E3455F8005BA63F /* AnimationHelper.swift */,
				9FE762331E345615005BA63F /* SwipeInteractionController.swift */,
			);
			path = AnimateTranstion;
			sourceTree = "<group>";
		};
		9FE762231E34534A005BA63F /* CardViewController */ = {
			isa = PBXGroup;
			children = (
				9FE762351E345637005BA63F /* CardViewController.swift */,
				9FE762361E345637005BA63F /* CardViewController.xib */,
			);
			path = CardViewController;
			sourceTree = "<group>";
		};
		9FE762241E34534A005BA63F /* Others */ = {
			isa = PBXGroup;
			children = (
				9FE762251E34534A005BA63F /* AppDelegate.swift */,
				9FE762261E34534A005BA63F /* ViewController.swift */,
				9FE762431E3456B9005BA63F /* Yacht.plist */,
			);
			path = Others;
			sourceTree = "<group>";
		};
		9FE762271E34534A005BA63F /* PageViewController */ = {
			isa = PBXGroup;
			children = (
				9FE7623D1E345662005BA63F /* PageViewController.swift */,
			);
			path = PageViewController;
			sourceTree = "<group>";
		};
		9FE762281E34534A005BA63F /* RevealViewController */ = {
			isa = PBXGroup;
			children = (
				9FE762391E34564D005BA63F /* RevealViewController.swift */,
				9FE7623A1E34564D005BA63F /* RevealViewController.xib */,
			);
			path = RevealViewController;
			sourceTree = "<group>";
		};
		9FE762291E34534A005BA63F /* YachtCard */ = {
			isa = PBXGroup;
			children = (
				9FE7623F1E345688005BA63F /* YachtCard.swift */,
				9FE762411E34569C005BA63F /* YachtCardStore.swift */,
			);
			path = YachtCard;
			sourceTree = "<group>";
		};
		9FE7622C1E345362005BA63F /* SupportingFile */ = {
			isa = PBXGroup;
			children = (
				9FE762451E349F0B005BA63F /* custom_swift.gif */,
				9FE762131E344FF3005BA63F /* Main.storyboard */,
				9FE762161E344FF3005BA63F /* Assets.xcassets */,
				9FE762181E344FF3005BA63F /* LaunchScreen.storyboard */,
				9FE7621B1E344FF3005BA63F /* Info.plist */,
			);
			name = SupportingFile;
			path = ..;
			sourceTree = "<group>";
		};
/* End PBXGroup section */

/* Begin PBXNativeTarget section */
		9FE7620B1E344FF3005BA63F /* XMCustomUIViewControllerTransitions */ = {
			isa = PBXNativeTarget;
			buildConfigurationList = 9FE7621E1E344FF3005BA63F /* Build configuration list for PBXNativeTarget "XMCustomUIViewControllerTransitions" */;
			buildPhases = (
				9FE762081E344FF3005BA63F /* Sources */,
				9FE762091E344FF3005BA63F /* Frameworks */,
				9FE7620A1E344FF3005BA63F /* Resources */,
			);
			buildRules = (
			);
			dependencies = (
			);
			name = XMCustomUIViewControllerTransitions;
			productName = XMCustomUIViewControllerTransitions;
			productReference = 9FE7620C1E344FF3005BA63F /* XMCustomUIViewControllerTransitions.app */;
			productType = "com.apple.product-type.application";
		};
/* End PBXNativeTarget section */

/* Begin PBXProject section */
		9FE762041E344FF3005BA63F /* Project object */ = {
			isa = PBXProject;
			attributes = {
				LastSwiftUpdateCheck = 0820;
				LastUpgradeCheck = 0820;
				ORGANIZATIONNAME = Mazy;
				TargetAttributes = {
					9FE7620B1E344FF3005BA63F = {
						CreatedOnToolsVersion = 8.2.1;
						ProvisioningStyle = Automatic;
					};
				};
			};
			buildConfigurationList = 9FE762071E344FF3005BA63F /* Build configuration list for PBXProject "XMCustomUIViewControllerTransitions" */;
			compatibilityVersion = "Xcode 3.2";
			developmentRegion = English;
			hasScannedForEncodings = 0;
			knownRegions = (
				en,
				Base,
			);
			mainGroup = 9FE762031E344FF3005BA63F;
			productRefGroup = 9FE7620D1E344FF3005BA63F /* Products */;
			projectDirPath = "";
			projectRoot = "";
			targets = (
				9FE7620B1E344FF3005BA63F /* XMCustomUIViewControllerTransitions */,
			);
		};
/* End PBXProject section */

/* Begin PBXResourcesBuildPhase section */
		9FE7620A1E344FF3005BA63F /* Resources */ = {
			isa = PBXResourcesBuildPhase;
			buildActionMask = 2147483647;
			files = (
				9FE762441E3456B9005BA63F /* Yacht.plist in Resources */,
				9FE762381E345637005BA63F /* CardViewController.xib in Resources */,
				9FE7621A1E344FF3005BA63F /* LaunchScreen.storyboard in Resources */,
				9FE762171E344FF3005BA63F /* Assets.xcassets in Resources */,
				9FE7623C1E34564D005BA63F /* RevealViewController.xib in Resources */,
				9FE762461E349F0B005BA63F /* custom_swift.gif in Resources */,
				9FE762151E344FF3005BA63F /* Main.storyboard in Resources */,
			);
			runOnlyForDeploymentPostprocessing = 0;
		};
/* End PBXResourcesBuildPhase section */

/* Begin PBXSourcesBuildPhase section */
		9FE762081E344FF3005BA63F /* Sources */ = {
			isa = PBXSourcesBuildPhase;
			buildActionMask = 2147483647;
			files = (
				9FE762341E345615005BA63F /* SwipeInteractionController.swift in Sources */,
				9FE762401E345688005BA63F /* YachtCard.swift in Sources */,
				9FE762371E345637005BA63F /* CardViewController.swift in Sources */,
				9FE7622E1E3455DB005BA63F /* FlipPresentAnimationController.swift in Sources */,
				9FE762421E34569C005BA63F /* YachtCardStore.swift in Sources */,
				9FE7623B1E34564D005BA63F /* RevealViewController.swift in Sources */,
				9FE7622A1E34534A005BA63F /* AppDelegate.swift in Sources */,
				9FE762321E3455F8005BA63F /* AnimationHelper.swift in Sources */,
				9FE7623E1E345662005BA63F /* PageViewController.swift in Sources */,
				9FE762301E3455EA005BA63F /* FlipDismissAnimationController.swift in Sources */,
				9FE7622B1E34534A005BA63F /* ViewController.swift in Sources */,
			);
			runOnlyForDeploymentPostprocessing = 0;
		};
/* End PBXSourcesBuildPhase section */

/* Begin PBXVariantGroup section */
		9FE762131E344FF3005BA63F /* Main.storyboard */ = {
			isa = PBXVariantGroup;
			children = (
				9FE762141E344FF3005BA63F /* Base */,
			);
			name = Main.storyboard;
			path = XMCustomUIViewControllerTransitions;
			sourceTree = "<group>";
		};
		9FE762181E344FF3005BA63F /* LaunchScreen.storyboard */ = {
			isa = PBXVariantGroup;
			children = (
				9FE762191E344FF3005BA63F /* Base */,
			);
			name = LaunchScreen.storyboard;
			path = XMCustomUIViewControllerTransitions;
			sourceTree = "<group>";
		};
/* End PBXVariantGroup section */

/* Begin XCBuildConfiguration section */
		9FE7621C1E344FF3005BA63F /* Debug */ = {
			isa = XCBuildConfiguration;
			buildSettings = {
				ALWAYS_SEARCH_USER_PATHS = NO;
				CLANG_ANALYZER_NONNULL = YES;
				CLANG_CXX_LANGUAGE_STANDARD = "gnu++0x";
				CLANG_CXX_LIBRARY = "libc++";
				CLANG_ENABLE_MODULES = YES;
				CLANG_ENABLE_OBJC_ARC = YES;
				CLANG_WARN_BOOL_CONVERSION = YES;
				CLANG_WARN_CONSTANT_CONVERSION = YES;
				CLANG_WARN_DIRECT_OBJC_ISA_USAGE = YES_ERROR;
				CLANG_WARN_DOCUMENTATION_COMMENTS = YES;
				CLANG_WARN_EMPTY_BODY = YES;
				CLANG_WARN_ENUM_CONVERSION = YES;
				CLANG_WARN_INFINITE_RECURSION = YES;
				CLANG_WARN_INT_CONVERSION = YES;
				CLANG_WARN_OBJC_ROOT_CLASS = YES_ERROR;
				CLANG_WARN_SUSPICIOUS_MOVE = YES;
				CLANG_WARN_UNREACHABLE_CODE = YES;
				CLANG_WARN__DUPLICATE_METHOD_MATCH = YES;
				"CODE_SIGN_IDENTITY[sdk=iphoneos*]" = "iPhone Developer";
				COPY_PHASE_STRIP = NO;
				DEBUG_INFORMATION_FORMAT = dwarf;
				ENABLE_STRICT_OBJC_MSGSEND = YES;
				ENABLE_TESTABILITY = YES;
				GCC_C_LANGUAGE_STANDARD = gnu99;
				GCC_DYNAMIC_NO_PIC = NO;
				GCC_NO_COMMON_BLOCKS = YES;
				GCC_OPTIMIZATION_LEVEL = 0;
				GCC_PREPROCESSOR_DEFINITIONS = (
					"DEBUG=1",
					"$(inherited)",
				);
				GCC_WARN_64_TO_32_BIT_CONVERSION = YES;
				GCC_WARN_ABOUT_RETURN_TYPE = YES_ERROR;
				GCC_WARN_UNDECLARED_SELECTOR = YES;
				GCC_WARN_UNINITIALIZED_AUTOS = YES_AGGRESSIVE;
				GCC_WARN_UNUSED_FUNCTION = YES;
				GCC_WARN_UNUSED_VARIABLE = YES;
				IPHONEOS_DEPLOYMENT_TARGET = 10.2;
				MTL_ENABLE_DEBUG_INFO = YES;
				ONLY_ACTIVE_ARCH = YES;
				SDKROOT = iphoneos;
				SWIFT_ACTIVE_COMPILATION_CONDITIONS = DEBUG;
				SWIFT_OPTIMIZATION_LEVEL = "-Onone";
			};
			name = Debug;
		};
		9FE7621D1E344FF3005BA63F /* Release */ = {
			isa = XCBuildConfiguration;
			buildSettings = {
				ALWAYS_SEARCH_USER_PATHS = NO;
				CLANG_ANALYZER_NONNULL = YES;
				CLANG_CXX_LANGUAGE_STANDARD = "gnu++0x";
				CLANG_CXX_LIBRARY = "libc++";
				CLANG_ENABLE_MODULES = YES;
				CLANG_ENABLE_OBJC_ARC = YES;
				CLANG_WARN_BOOL_CONVERSION = YES;
				CLANG_WARN_CONSTANT_CONVERSION = YES;
				CLANG_WARN_DIRECT_OBJC_ISA_USAGE = YES_ERROR;
				CLANG_WARN_DOCUMENTATION_COMMENTS = YES;
				CLANG_WARN_EMPTY_BODY = YES;
				CLANG_WARN_ENUM_CONVERSION = YES;
				CLANG_WARN_INFINITE_RECURSION = YES;
				CLANG_WARN_INT_CONVERSION = YES;
				CLANG_WARN_OBJC_ROOT_CLASS = YES_ERROR;
				CLANG_WARN_SUSPICIOUS_MOVE = YES;
				CLANG_WARN_UNREACHABLE_CODE = YES;
				CLANG_WARN__DUPLICATE_METHOD_MATCH = YES;
				"CODE_SIGN_IDENTITY[sdk=iphoneos*]" = "iPhone Developer";
				COPY_PHASE_STRIP = NO;
				DEBUG_INFORMATION_FORMAT = "dwarf-with-dsym";
				ENABLE_NS_ASSERTIONS = NO;
				ENABLE_STRICT_OBJC_MSGSEND = YES;
				GCC_C_LANGUAGE_STANDARD = gnu99;
				GCC_NO_COMMON_BLOCKS = YES;
				GCC_WARN_64_TO_32_BIT_CONVERSION = YES;
				GCC_WARN_ABOUT_RETURN_TYPE = YES_ERROR;
				GCC_WARN_UNDECLARED_SELECTOR = YES;
				GCC_WARN_UNINITIALIZED_AUTOS = YES_AGGRESSIVE;
				GCC_WARN_UNUSED_FUNCTION = YES;
				GCC_WARN_UNUSED_VARIABLE = YES;
				IPHONEOS_DEPLOYMENT_TARGET = 10.2;
				MTL_ENABLE_DEBUG_INFO = NO;
				SDKROOT = iphoneos;
				SWIFT_OPTIMIZATION_LEVEL = "-Owholemodule";
				VALIDATE_PRODUCT = YES;
			};
			name = Release;
		};
		9FE7621F1E344FF3005BA63F /* Debug */ = {
			isa = XCBuildConfiguration;
			buildSettings = {
				ASSETCATALOG_COMPILER_APPICON_NAME = AppIcon;
				INFOPLIST_FILE = XMCustomUIViewControllerTransitions/Info.plist;
				LD_RUNPATH_SEARCH_PATHS = "$(inherited) @executable_path/Frameworks";
				PRODUCT_BUNDLE_IDENTIFIER = Mazy.XMCustomUIViewControllerTransitions;
				PRODUCT_NAME = "$(TARGET_NAME)";
				SWIFT_VERSION = 3.0;
			};
			name = Debug;
		};
		9FE762201E344FF3005BA63F /* Release */ = {
			isa = XCBuildConfiguration;
			buildSettings = {
				ASSETCATALOG_COMPILER_APPICON_NAME = AppIcon;
				INFOPLIST_FILE = XMCustomUIViewControllerTransitions/Info.plist;
				LD_RUNPATH_SEARCH_PATHS = "$(inherited) @executable_path/Frameworks";
				PRODUCT_BUNDLE_IDENTIFIER = Mazy.XMCustomUIViewControllerTransitions;
				PRODUCT_NAME = "$(TARGET_NAME)";
				SWIFT_VERSION = 3.0;
			};
			name = Release;
		};
/* End XCBuildConfiguration section */

/* Begin XCConfigurationList section */
		9FE762071E344FF3005BA63F /* Build configuration list for PBXProject "XMCustomUIViewControllerTransitions" */ = {
			isa = XCConfigurationList;
			buildConfigurations = (
				9FE7621C1E344FF3005BA63F /* Debug */,
				9FE7621D1E344FF3005BA63F /* Release */,
			);
			defaultConfigurationIsVisible = 0;
			defaultConfigurationName = Release;
		};
		9FE7621E1E344FF3005BA63F /* Build configuration list for PBXNativeTarget "XMCustomUIViewControllerTransitions" */ = {
			isa = XCConfigurationList;
			buildConfigurations = (
				9FE7621F1E344FF3005BA63F /* Debug */,
				9FE762201E344FF3005BA63F /* Release */,
			);
			defaultConfigurationIsVisible = 0;
		};
/* End XCConfigurationList section */
	};
	rootObject = 9FE762041E344FF3005BA63F /* Project object */;
}
